{
  "lockfileVersion": 1,
  "configVersion": 1,
  "workspaces": {
    "": {
      "name": "font-fetch",
      "dependencies": {
        "@fontsource-variable/doto": "^5.3.0",
        "@fontsource-variable/geist": "^5.3.0",
        "@fontsource-variable/geist-mono": "^5.3.0",
        "@fontsource-variable/handjet": "^5.3.0",
        "@fontsource-variable/ibm-plex-sans": "^5.3.0",
        "@fontsource-variable/jetbrains-mono": "^5.3.0",
        "@fontsource-variable/schibsted-grotesk": "^5.3.0",
        "@fontsource-variable/sono": "^5.3.0",
        "@fontsource-variable/space-grotesk": "^5.3.0",
        "@fontsource/commit-mono": "^5.3.0",
        "@fontsource/ibm-plex-mono": "^5.3.0",
      },
    },
  },
  "packages": {
    "@fontsource-variable/doto": ["@fontsource-variable/doto@5.3.0", "", {}, "sha512-mzvYblQT8AD0tOdBvni6+5E25LMKXKDVqbUutGafV78rIIq1w9s4G1IBpDcHJp+u2+dzsO3zCSm75mBQLguJjw=="],

    "@fontsource-variable/geist": ["@fontsource-variable/geist@5.3.0", "", {}, "sha512-j0m+vLQuG5XAYoHtGCVu0spvlGreR3EzpECUVzkFmI1mTVnAO38l/NEPDCFgZ177JxzYJCLSmTQibIiYPilGrA=="],

    "@fontsource-variable/geist-mono": ["@fontsource-variable/geist-mono@5.3.0", "", {}, "sha512-vBbuwDEo9AkrqADMXOrlAR3DFcJi4/JxeuU43FoiQERnNwsfXNnvxvReZG02cQKmyk4DZkZdBZX3oTDvy2zBAw=="],

    "@fontsource-variable/handjet": ["@fontsource-variable/handjet@5.3.0", "", {}, "sha512-IQEVbZpn7sPTBQENwJCWyzNxQ+Ac6fzPRKEvSJV87b76XeHNc9aM4qQTW3tj1TnWzCRK9I6PBui61nmTSV0nwQ=="],

    "@fontsource-variable/ibm-plex-sans": ["@fontsource-variable/ibm-plex-sans@5.3.0", "", {}, "sha512-agG8tXFEo0hD9+J7npa4vbbWult52eMLVaQ6WQRlhs/iCAojrMAoejru85W9HTVXHfyUj96KM7gp/KGAS87XaQ=="],

    "@fontsource-variable/jetbrains-mono": ["@fontsource-variable/jetbrains-mono@5.3.0", "", {}, "sha512-F32xpS2NsGYoQi2ADSkKTgpJj7ozajsGgDJ8woTnqjmIB+dxDIqImjl4pXZVEExu8UFZ2ndhmX18EBS/hdz3Lw=="],

    "@fontsource-variable/schibsted-grotesk": ["@fontsource-variable/schibsted-grotesk@5.3.0", "", {}, "sha512-ndS6H/KICWANchlHF3q4UdZD+xrZ3Ji0rUobIuXlgvDUzDfqZDsVuXPXZb636nJZMHE9zZ9Fmwgqazm8hMB50Q=="],

    "@fontsource-variable/sono": ["@fontsource-variable/sono@5.3.0", "", {}, "sha512-4VcX+1rLjw6+13N6uuNzGmXHM3WV2sU8kwNbbsjffjDTcc7AisjMN7BAN7WEe5glTuaCOiszQV/9WiT0ldZgNw=="],

    "@fontsource-variable/space-grotesk": ["@fontsource-variable/space-grotesk@5.3.0", "", {}, "sha512-2IxmvfB08i9vnGB3Ym/AXvhRE+8XOjWMXIyDum03c+tPwH0FUoMNQfGpU8NXPxjbws0Vvss3AH0Zqt4oJBBAdw=="],

    "@fontsource/commit-mono": ["@fontsource/commit-mono@5.3.0", "", {}, "sha512-Bs+zlEWHDgk/cCVWEMJJaA7LbBU3Ixi5Zums+SSwMKdm2N7RJ4P7jCJTwsMHRt5WFiXYB0tu0q9HMfkn0YsLsQ=="],

    "@fontsource/ibm-plex-mono": ["@fontsource/ibm-plex-mono@5.3.0", "", {}, "sha512-eTgnZjZEGk1QtD3ZstF+Vclo2HLAni8YMy34/DxllwZvyz1lR/1RF/xTiAquOBO7MvqBx8D2Ig2WCPMVfdZu7Q=="],
  }
}
